// !$*UTF8*$!
{
	archiveVersion = 1;
	classes = {
	};
	objectVersion = 46;
	objects = {

/* Begin PBXBuildFile section */
		AA2A36F91D9A25FD00BBABFC /* BilliardMain.cpp in Sources */ = {isa = PBXBuildFile; fileRef = AA2A36F81D9A25FD00BBABFC /* BilliardMain.cpp */; };
		AA55EA331DDE1F3300B76F2F /* GLUT.framework in Frameworks */ = {isa = PBXBuildFile; fileRef = AA55EA321DDE1F3300B76F2F /* GLUT.framework */; };
		AA55EA351DDE1F4000B76F2F /* OpenGL.framework in Frameworks */ = {isa = PBXBuildFile; fileRef = AA55EA341DDE1F4000B76F2F /* OpenGL.framework */; };
		AA55EA391DDE389A00B76F2F /* Ball.cpp in Sources */ = {isa = PBXBuildFile; fileRef = AA55EA371DDE389A00B76F2F /* Ball.cpp */; };
		AA55EA481DE0DEBA00B76F2F /* Pool.cpp in Sources */ = {isa = PBXBuildFile; fileRef = AA55EA461DE0DEBA00B76F2F /* Pool.cpp */; };
		AA55EA511DE0DF5B00B76F2F /* Camera.cpp in Sources */ = {isa = PBXBuildFile; fileRef = AA55EA491DE0DF5B00B76F2F /* Camera.cpp */; };
		AA55EA521DE0DF5B00B76F2F /* DrawString.cpp in Sources */ = {isa = PBXBuildFile; fileRef = AA55EA4A1DE0DF5B00B76F2F /* DrawString.cpp */; };
		AA55EA541DE0DF5B00B76F2F /* Vector3.cpp in Sources */ = {isa = PBXBuildFile; fileRef = AA55EA4E1DE0DF5B00B76F2F /* Vector3.cpp */; };
		AAFA009E1E006437007A58C6 /* Cube.cpp in Sources */ = {isa = PBXBuildFile; fileRef = AAFA009C1E006437007A58C6 /* Cube.cpp */; };
/* End PBXBuildFile section */

/* Begin PBXCopyFilesBuildPhase section */
		AA2A36F31D9A25FD00BBABFC /* CopyFiles */ = {
			isa = PBXCopyFilesBuildPhase;
			buildActionMask = 2147483647;
			dstPath = /usr/share/man/man1/;
			dstSubfolderSpec = 0;
			files = (
			);
			runOnlyForDeploymentPostprocessing = 1;
		};
/* End PBXCopyFilesBuildPhase section */

/* Begin PBXFileReference section */
		AA2A36F51D9A25FD00BBABFC /* Billiard */ = {isa = PBXFileReference; explicitFileType = "compiled.mach-o.executable"; includeInIndex = 0; path = Billiard; sourceTree = BUILT_PRODUCTS_DIR; };
		AA2A36F81D9A25FD00BBABFC /* BilliardMain.cpp */ = {isa = PBXFileReference; lastKnownFileType = sourcecode.cpp.cpp; path = BilliardMain.cpp; sourceTree = "<group>"; };
		AA55EA321DDE1F3300B76F2F /* GLUT.framework */ = {isa = PBXFileReference; lastKnownFileType = wrapper.framework; name = GLUT.framework; path = System/Library/Frameworks/GLUT.framework; sourceTree = SDKROOT; };
		AA55EA341DDE1F4000B76F2F /* OpenGL.framework */ = {isa = PBXFileReference; lastKnownFileType = wrapper.framework; name = OpenGL.framework; path = System/Library/Frameworks/OpenGL.framework; sourceTree = SDKROOT; };
		AA55EA371DDE389A00B76F2F /* Ball.cpp */ = {isa = PBXFileReference; fileEncoding = 4; lastKnownFileType = sourcecode.cpp.cpp; path = Ball.cpp; sourceTree = "<group>"; };
		AA55EA381DDE389A00B76F2F /* Ball.h */ = {isa = PBXFileReference; fileEncoding = 4; lastKnownFileType = sourcecode.c.h; path = Ball.h; sourceTree = "<group>"; };
		AA55EA461DE0DEBA00B76F2F /* Pool.cpp */ = {isa = PBXFileReference; fileEncoding = 4; lastKnownFileType = sourcecode.cpp.cpp; path = Pool.cpp; sourceTree = "<group>"; };
		AA55EA471DE0DEBA00B76F2F /* Pool.h */ = {isa = PBXFileReference; fileEncoding = 4; lastKnownFileType = sourcecode.c.h; path = Pool.h; sourceTree = "<group>"; };
		AA55EA491DE0DF5B00B76F2F /* Camera.cpp */ = {isa = PBXFileReference; fileEncoding = 4; lastKnownFileType = sourcecode.cpp.cpp; path = Camera.cpp; sourceTree = "<group>"; };
		AA55EA4A1DE0DF5B00B76F2F /* DrawString.cpp */ = {isa = PBXFileReference; fileEncoding = 4; lastKnownFileType = sourcecode.cpp.cpp; path = DrawString.cpp; sourceTree = "<group>"; };
		AA55EA4C1DE0DF5B00B76F2F /* DrawString.h */ = {isa = PBXFileReference; fileEncoding = 4; lastKnownFileType = sourcecode.c.h; path = DrawString.h; sourceTree = "<group>"; };
		AA55EA4E1DE0DF5B00B76F2F /* Vector3.cpp */ = {isa = PBXFileReference; fileEncoding = 4; lastKnownFileType = sourcecode.cpp.cpp; path = Vector3.cpp; sourceTree = "<group>"; };
		AA55EA4F1DE0DF5B00B76F2F /* Camera.h */ = {isa = PBXFileReference; fileEncoding = 4; lastKnownFileType = sourcecode.c.h; path = Camera.h; sourceTree = "<group>"; };
		AA55EA501DE0DF5B00B76F2F /* Vector3.h */ = {isa = PBXFileReference; fileEncoding = 4; lastKnownFileType = sourcecode.c.h; path = Vector3.h; sourceTree = "<group>"; };
		AAFA009C1E006437007A58C6 /* Cube.cpp */ = {isa = PBXFileReference; fileEncoding = 4; lastKnownFileType = sourcecode.cpp.cpp; path = Cube.cpp; sourceTree = "<group>"; };
		AAFA009D1E006437007A58C6 /* Cube.h */ = {isa = PBXFileReference; fileEncoding = 4; lastKnownFileType = sourcecode.c.h; path = Cube.h; sourceTree = "<group>"; };
/* End PBXFileReference section */

/* Begin PBXFrameworksBuildPhase section */
		AA2A36F21D9A25FD00BBABFC /* Frameworks */ = {
			isa = PBXFrameworksBuildPhase;
			buildActionMask = 2147483647;
			files = (
				AA55EA351DDE1F4000B76F2F /* OpenGL.framework in Frameworks */,
				AA55EA331DDE1F3300B76F2F /* GLUT.framework in Frameworks */,
			);
			runOnlyForDeploymentPostprocessing = 0;
		};
/* End PBXFrameworksBuildPhase section */

/* Begin PBXGroup section */
		AA2A36EC1D9A25FD00BBABFC = {
			isa = PBXGroup;
			children = (
				AA2A36F71D9A25FD00BBABFC /* Billiard */,
				AA2A36F61D9A25FD00BBABFC /* Products */,
				AA55EA311DDE1F3300B76F2F /* Frameworks */,
			);
			sourceTree = "<group>";
		};
		AA2A36F61D9A25FD00BBABFC /* Products */ = {
			isa = PBXGroup;
			children = (
				AA2A36F51D9A25FD00BBABFC /* Billiard */,
			);
			name = Products;
			sourceTree = "<group>";
		};
		AA2A36F71D9A25FD00BBABFC /* Billiard */ = {
			isa = PBXGroup;
			children = (
				AA55EA491DE0DF5B00B76F2F /* Camera.cpp */,
				AA55EA4F1DE0DF5B00B76F2F /* Camera.h */,
				AAFA009C1E006437007A58C6 /* Cube.cpp */,
				AAFA009D1E006437007A58C6 /* Cube.h */,
				AA55EA4A1DE0DF5B00B76F2F /* DrawString.cpp */,
				AA55EA4C1DE0DF5B00B76F2F /* DrawString.h */,
				AA55EA4E1DE0DF5B00B76F2F /* Vector3.cpp */,
				AA55EA501DE0DF5B00B76F2F /* Vector3.h */,
				AA2A36F81D9A25FD00BBABFC /* BilliardMain.cpp */,
				AA55EA371DDE389A00B76F2F /* Ball.cpp */,
				AA55EA381DDE389A00B76F2F /* Ball.h */,
				AA55EA461DE0DEBA00B76F2F /* Pool.cpp */,
				AA55EA471DE0DEBA00B76F2F /* Pool.h */,
			);
			path = Billiard;
			sourceTree = "<group>";
		};
		AA55EA311DDE1F3300B76F2F /* Frameworks */ = {
			isa = PBXGroup;
			children = (
				AA55EA341DDE1F4000B76F2F /* OpenGL.framework */,
				AA55EA321DDE1F3300B76F2F /* GLUT.framework */,
			);
			name = Frameworks;
			sourceTree = "<group>";
		};
/* End PBXGroup section */

/* Begin PBXNativeTarget section */
		AA2A36F41D9A25FD00BBABFC /* Billiard */ = {
			isa = PBXNativeTarget;
			buildConfigurationList = AA2A36FC1D9A25FE00BBABFC /* Build configuration list for PBXNativeTarget "Billiard" */;
			buildPhases = (
				AA2A36F11D9A25FD00BBABFC /* Sources */,
				AA2A36F21D9A25FD00BBABFC /* Frameworks */,
				AA2A36F31D9A25FD00BBABFC /* CopyFiles */,
			);
			buildRules = (
			);
			dependencies = (
			);
			name = Billiard;
			productName = Biliard;
			productReference = AA2A36F51D9A25FD00BBABFC /* Billiard */;
			productType = "com.apple.product-type.tool";
		};
/* End PBXNativeTarget section */

/* Begin PBXProject section */
		AA2A36ED1D9A25FD00BBABFC /* Project object */ = {
			isa = PBXProject;
			attributes = {
				LastUpgradeCheck = 0800;
				ORGANIZATIONNAME = "Keisuke Yasuda";
				TargetAttributes = {
					AA2A36F41D9A25FD00BBABFC = {
						CreatedOnToolsVersion = 8.0;
						ProvisioningStyle = Automatic;
					};
				};
			};
			buildConfigurationList = AA2A36F01D9A25FD00BBABFC /* Build configuration list for PBXProject "Billiard" */;
			compatibilityVersion = "Xcode 3.2";
			developmentRegion = English;
			hasScannedForEncodings = 0;
			knownRegions = (
				en,
			);
			mainGroup = AA2A36EC1D9A25FD00BBABFC;
			productRefGroup = AA2A36F61D9A25FD00BBABFC /* Products */;
			projectDirPath = "";
			projectRoot = "";
			targets = (
				AA2A36F41D9A25FD00BBABFC /* Billiard */,
			);
		};
/* End PBXProject section */

/* Begin PBXSourcesBuildPhase section */
		AA2A36F11D9A25FD00BBABFC /* Sources */ = {
			isa = PBXSourcesBuildPhase;
			buildActionMask = 2147483647;
			files = (
				AAFA009E1E006437007A58C6 /* Cube.cpp in Sources */,
				AA55EA511DE0DF5B00B76F2F /* Camera.cpp in Sources */,
				AA55EA391DDE389A00B76F2F /* Ball.cpp in Sources */,
				AA55EA481DE0DEBA00B76F2F /* Pool.cpp in Sources */,
				AA55EA521DE0DF5B00B76F2F /* DrawString.cpp in Sources */,
				AA55EA541DE0DF5B00B76F2F /* Vector3.cpp in Sources */,
				AA2A36F91D9A25FD00BBABFC /* BilliardMain.cpp in Sources */,
			);
			runOnlyForDeploymentPostprocessing = 0;
		};
/* End PBXSourcesBuildPhase section */

/* Begin XCBuildConfiguration section */
		AA2A36FA1D9A25FD00BBABFC /* Debug */ = {
			isa = XCBuildConfiguration;
			buildSettings = {
				ALWAYS_SEARCH_USER_PATHS = NO;
				CLANG_ANALYZER_NONNULL = YES;
				CLANG_CXX_LANGUAGE_STANDARD = "gnu++0x";
				CLANG_CXX_LIBRARY = "libc++";
				CLANG_ENABLE_MODULES = YES;
				CLANG_ENABLE_OBJC_ARC = YES;
				CLANG_WARN_BOOL_CONVERSION = YES;
				CLANG_WARN_CONSTANT_CONVERSION = YES;
				CLANG_WARN_DIRECT_OBJC_ISA_USAGE = YES_ERROR;
				CLANG_WARN_DOCUMENTATION_COMMENTS = YES;
				CLANG_WARN_EMPTY_BODY = YES;
				CLANG_WARN_ENUM_CONVERSION = YES;
				CLANG_WARN_INFINITE_RECURSION = YES;
				CLANG_WARN_INT_CONVERSION = YES;
				CLANG_WARN_OBJC_ROOT_CLASS = YES_ERROR;
				CLANG_WARN_SUSPICIOUS_MOVES = YES;
				CLANG_WARN_UNREACHABLE_CODE = YES;
				CLANG_WARN__DUPLICATE_METHOD_MATCH = YES;
				CODE_SIGN_IDENTITY = "-";
				COPY_PHASE_STRIP = NO;
				DEBUG_INFORMATION_FORMAT = dwarf;
				ENABLE_STRICT_OBJC_MSGSEND = YES;
				ENABLE_TESTABILITY = YES;
				GCC_C_LANGUAGE_STANDARD = gnu99;
				GCC_DYNAMIC_NO_PIC = NO;
				GCC_NO_COMMON_BLOCKS = YES;
				GCC_OPTIMIZATION_LEVEL = 0;
				GCC_PREPROCESSOR_DEFINITIONS = (
					"DEBUG=1",
					"$(inherited)",
				);
				GCC_WARN_64_TO_32_BIT_CONVERSION = YES;
				GCC_WARN_ABOUT_RETURN_TYPE = YES_ERROR;
				GCC_WARN_UNDECLARED_SELECTOR = YES;
				GCC_WARN_UNINITIALIZED_AUTOS = YES_AGGRESSIVE;
				GCC_WARN_UNUSED_FUNCTION = YES;
				GCC_WARN_UNUSED_VARIABLE = YES;
				MACOSX_DEPLOYMENT_TARGET = 10.11;
				MTL_ENABLE_DEBUG_INFO = YES;
				ONLY_ACTIVE_ARCH = YES;
				SDKROOT = macosx;
			};
			name = Debug;
		};
		AA2A36FB1D9A25FD00BBABFC /* Release */ = {
			isa = XCBuildConfiguration;
			buildSettings = {
				ALWAYS_SEARCH_USER_PATHS = NO;
				CLANG_ANALYZER_NONNULL = YES;
				CLANG_CXX_LANGUAGE_STANDARD = "gnu++0x";
				CLANG_CXX_LIBRARY = "libc++";
				CLANG_ENABLE_MODULES = YES;
				CLANG_ENABLE_OBJC_ARC = YES;
				CLANG_WARN_BOOL_CONVERSION = YES;
				CLANG_WARN_CONSTANT_CONVERSION = YES;
				CLANG_WARN_DIRECT_OBJC_ISA_USAGE = YES_ERROR;
				CLANG_WARN_DOCUMENTATION_COMMENTS = YES;
				CLANG_WARN_EMPTY_BODY = YES;
				CLANG_WARN_ENUM_CONVERSION = YES;
				CLANG_WARN_INFINITE_RECURSION = YES;
				CLANG_WARN_INT_CONVERSION = YES;
				CLANG_WARN_OBJC_ROOT_CLASS = YES_ERROR;
				CLANG_WARN_SUSPICIOUS_MOVES = YES;
				CLANG_WARN_UNREACHABLE_CODE = YES;
				CLANG_WARN__DUPLICATE_METHOD_MATCH = YES;
				CODE_SIGN_IDENTITY = "-";
				COPY_PHASE_STRIP = NO;
				DEBUG_INFORMATION_FORMAT = "dwarf-with-dsym";
				ENABLE_NS_ASSERTIONS = NO;
				ENABLE_STRICT_OBJC_MSGSEND = YES;
				GCC_C_LANGUAGE_STANDARD = gnu99;
				GCC_NO_COMMON_BLOCKS = YES;
				GCC_WARN_64_TO_32_BIT_CONVERSION = YES;
				GCC_WARN_ABOUT_RETURN_TYPE = YES_ERROR;
				GCC_WARN_UNDECLARED_SELECTOR = YES;
				GCC_WARN_UNINITIALIZED_AUTOS = YES_AGGRESSIVE;
				GCC_WARN_UNUSED_FUNCTION = YES;
				GCC_WARN_UNUSED_VARIABLE = YES;
				MACOSX_DEPLOYMENT_TARGET = 10.11;
				MTL_ENABLE_DEBUG_INFO = NO;
				SDKROOT = macosx;
			};
			name = Release;
		};
		AA2A36FD1D9A25FE00BBABFC /* Debug */ = {
			isa = XCBuildConfiguration;
			buildSettings = {
				PRODUCT_NAME = "$(TARGET_NAME)";
			};
			name = Debug;
		};
		AA2A36FE1D9A25FE00BBABFC /* Release */ = {
			isa = XCBuildConfiguration;
			buildSettings = {
				PRODUCT_NAME = "$(TARGET_NAME)";
			};
			name = Release;
		};
/* End XCBuildConfiguration section */

/* Begin XCConfigurationList section */
		AA2A36F01D9A25FD00BBABFC /* Build configuration list for PBXProject "Billiard" */ = {
			isa = XCConfigurationList;
			buildConfigurations = (
				AA2A36FA1D9A25FD00BBABFC /* Debug */,
				AA2A36FB1D9A25FD00BBABFC /* Release */,
			);
			defaultConfigurationIsVisible = 0;
			defaultConfigurationName = Release;
		};
		AA2A36FC1D9A25FE00BBABFC /* Build configuration list for PBXNativeTarget "Billiard" */ = {
			isa = XCConfigurationList;
			buildConfigurations = (
				AA2A36FD1D9A25FE00BBABFC /* Debug */,
				AA2A36FE1D9A25FE00BBABFC /* Release */,
			);
			defaultConfigurationIsVisible = 0;
			defaultConfigurationName = Release;
		};
/* End XCConfigurationList section */
	};
	rootObject = AA2A36ED1D9A25FD00BBABFC /* Project object */;
}
